
Microsoft Visual Studio Solution File, Format Version 12.00
# Visual Studio Version 17
VisualStudioVersion = 17.14.36429.23 d17.14
MinimumVisualStudioVersion = 10.0.40219.1
Project("{FAE04EC0-301F-11D3-BF4B-00C04F79EFBC}") = "WarehouseSMS", "WarehouseSMS\WarehouseSMS.csproj", "{11251DAC-45A9-4221-A0F7-90EF40F17EDA}"
EndProject
Global
	GlobalSection(SolutionConfigurationPlatforms) = preSolution
		Debug|Any CPU = Debug|Any CPU
		Release|Any CPU = Release|Any CPU
	EndGlobalSection
	GlobalSection(ProjectConfigurationPlatforms) = postSolution
		{11251DAC-45A9-4221-A0F7-90EF40F17EDA}.Debug|Any CPU.ActiveCfg = Debug|Any CPU
		{11251DAC-45A9-4221-A0F7-90EF40F17EDA}.Debug|Any CPU.Build.0 = Debug|Any CPU
		{11251DAC-45A9-4221-A0F7-90EF40F17EDA}.Release|Any CPU.ActiveCfg = Release|Any CPU
		{11251DAC-45A9-4221-A0F7-90EF40F17EDA}.Release|Any CPU.Build.0 = Release|Any CPU
	EndGlobalSection
	GlobalSection(SolutionProperties) = preSolution
		HideSolutionNode = FALSE
	EndGlobalSection
	GlobalSection(ExtensibilityGlobals) = postSolution
		SolutionGuid = {0BBF157E-5611-4E67-9BC5-2669DF239451}
	EndGlobalSection
EndGlobal
